<?xml version="1.0" encoding="utf-8"?>
<Project ToolsVersion="4.0" xmlns="http://schemas.microsoft.com/developer/msbuild/2003">
  <ItemGroup>
    <Filter Include="Source Files">
      <UniqueIdentifier>{32063d44-b8db-438e-befe-063467f8a9f4}</UniqueIdentifier>
      <Extensions>cpp;c;cxx;rc;def;r;odl;idl;hpj;bat</Extensions>
    </Filter>
    <Filter Include="Header Files">
      <UniqueIdentifier>{926273ac-5884-4e2e-9979-ec0836a450aa}</UniqueIdentifier>
      <Extensions>h;hpp;hxx;hm;inl</Extensions>
    </Filter>
    <Filter Include="Resource Files">
      <UniqueIdentifier>{19697636-9bd0-4c55-8596-a0273faefef0}</UniqueIdentifier>
      <Extensions>ico;cur;bmp;dlg;rc2;rct;bin;rgs;gif;jpg;jpeg;jpe</Extensions>
    </Filter>
  </ItemGroup>
  <ItemGroup>
    <ClCompile Include="Dialog1.cpp">
      <Filter>Source Files</Filter>
    </ClCompile>
    <ClCompile Include="Dialog2.cpp">
      <Filter>Source Files</Filter>
    </ClCompile>
    <ClCompile Include="Dialog3.cpp">
      <Filter>Source Files</Filter>
    </ClCompile>
    <ClCompile Include="Dialog4.cpp">
      <Filter>Source Files</Filter>
    </ClCompile>
    <ClCompile Include="Dialog5.cpp">
      <Filter>Source Files</Filter>
    </ClCompile>
    <ClCompile Include="Dialog6.cpp">
      <Filter>Source Files</Filter>
    </ClCompile>
    <ClCompile Include="edit2_click.cpp">
      <Filter>Source Files</Filter>
    </ClCompile>
    <ClCompile Include="m160.cpp">
      <Filter>Source Files</Filter>
    </ClCompile>
    <ClCompile Include="m160Dlg.cpp">
      <Filter>Source Files</Filter>
    </ClCompile>
    <ClCompile Include="ReadInfo.cpp">
      <Filter>Source Files</Filter>
    </ClCompile>
    <ClCompile Include="StdAfx.cpp">
      <Filter>Source Files</Filter>
    </ClCompile>
    <ClCompile Include="dialogDesfire.cpp">
      <Filter>Source Files</Filter>
    </ClCompile>
    <ClCompile Include="DialogPinPad.cpp">
      <Filter>Source Files</Filter>
    </ClCompile>
    <ClCompile Include="DialogEmv.cpp">
      <Filter>Source Files</Filter>
    </ClCompile>
    <ClCompile Include="DialogEmvPara.cpp">
      <Filter>Source Files</Filter>
    </ClCompile>
    <ClCompile Include="DemoFile.cpp">
      <Filter>Source Files</Filter>
    </ClCompile>
    <ClCompile Include="DialogEmvCapk.cpp">
      <Filter>Source Files</Filter>
    </ClCompile>
  </ItemGroup>
  <ItemGroup>
    <ResourceCompile Include="m160.rc">
      <Filter>Source Files</Filter>
    </ResourceCompile>
  </ItemGroup>
  <ItemGroup>
    <ClInclude Include="160.h">
      <Filter>Header Files</Filter>
    </ClInclude>
    <ClInclude Include="BitImage.h">
      <Filter>Header Files</Filter>
    </ClInclude>
    <ClInclude Include="Dialog1.h">
      <Filter>Header Files</Filter>
    </ClInclude>
    <ClInclude Include="Dialog2.h">
      <Filter>Header Files</Filter>
    </ClInclude>
    <ClInclude Include="Dialog3.h">
      <Filter>Header Files</Filter>
    </ClInclude>
    <ClInclude Include="Dialog4.h">
      <Filter>Header Files</Filter>
    </ClInclude>
    <ClInclude Include="Dialog5.h">
      <Filter>Header Files</Filter>
    </ClInclude>
    <ClInclude Include="Dialog6.h">
      <Filter>Header Files</Filter>
    </ClInclude>
    <ClInclude Include="edit2_click.h">
      <Filter>Header Files</Filter>
    </ClInclude>
    <ClInclude Include="GongXiang.h">
      <Filter>Header Files</Filter>
    </ClInclude>
    <ClInclude Include="m160.h">
      <Filter>Header Files</Filter>
    </ClInclude>
    <ClInclude Include="m160Dlg.h">
      <Filter>Header Files</Filter>
    </ClInclude>
    <ClInclude Include="ReadInfo.h">
      <Filter>Header Files</Filter>
    </ClInclude>
    <ClInclude Include="Resource.h">
      <Filter>Header Files</Filter>
    </ClInclude>
    <ClInclude Include="StdAfx.h">
      <Filter>Header Files</Filter>
    </ClInclude>
    <ClInclude Include="dialogDesfire.h">
      <Filter>Header Files</Filter>
    </ClInclude>
    <ClInclude Include="DialogPinPad.h">
      <Filter>Header Files</Filter>
    </ClInclude>
    <ClInclude Include="DialogEmv.h">
      <Filter>Header Files</Filter>
    </ClInclude>
    <ClInclude Include="DialogEmvPara.h">
      <Filter>Header Files</Filter>
    </ClInclude>
    <ClInclude Include="DialogEmvCapk.h">
      <Filter>Header Files</Filter>
    </ClInclude>
  </ItemGroup>
  <ItemGroup>
    <CustomBuild Include="res\m160.ico">
      <Filter>Resource Files</Filter>
    </CustomBuild>
    <CustomBuild Include="res\m160.rc2">
      <Filter>Resource Files</Filter>
    </CustomBuild>
    <CustomBuild Include="ReadMe.txt" />
  </ItemGroup>
</Project>